
Microsoft Visual Studio Solution File, Format Version 12.00
# Visual Studio Version 17
VisualStudioVersion = 17.2.32519.379
MinimumVisualStudioVersion = 10.0.40219.1
Project("{9A19103F-16F7-4668-BE54-9A1E7A4F7556}") = "SShare", "ReactTemplate\SShare.csproj", "{CC1B67BC-5973-4C2E-9747-0A27BAF5DF4A}"
EndProject
Global
	GlobalSection(SolutionConfigurationPlatforms) = preSolution
		Debug|Any CPU = Debug|Any CPU
		Release|Any CPU = Release|Any CPU
	EndGlobalSection
	GlobalSection(ProjectConfigurationPlatforms) = postSolution
		{CC1B67BC-5973-4C2E-9747-0A27BAF5DF4A}.Debug|Any CPU.ActiveCfg = Debug|Any CPU
		{CC1B67BC-5973-4C2E-9747-0A27BAF5DF4A}.Debug|Any CPU.Build.0 = Debug|Any CPU
		{CC1B67BC-5973-4C2E-9747-0A27BAF5DF4A}.Release|Any CPU.ActiveCfg = Release|Any CPU
		{CC1B67BC-5973-4C2E-9747-0A27BAF5DF4A}.Release|Any CPU.Build.0 = Release|Any CPU
	EndGlobalSection
	GlobalSection(SolutionProperties) = preSolution
		HideSolutionNode = FALSE
	EndGlobalSection
	GlobalSection(ExtensibilityGlobals) = postSolution
		SolutionGuid = {E4D9EB0C-35CF-4890-B53A-2EC637A58A43}
	EndGlobalSection
EndGlobal
